// !$*UTF8*$!
{
	archiveVersion = 1;
	classes = {
	};
	objectVersion = 56;
	objects = {

/* Begin PBXBuildFile section */
		BD8111752C1A1D810054D10E /* EasyToApply.swift in Sources */ = {isa = PBXBuildFile; fileRef = BD8111742C1A1D810054D10E /* EasyToApply.swift */; };
		BD8111772C1A1DCA0054D10E /* BigBank.swift in Sources */ = {isa = PBXBuildFile; fileRef = BD8111762C1A1DCA0054D10E /* BigBank.swift */; };
		BD8111792C1A1DD50054D10E /* Minorities.swift in Sources */ = {isa = PBXBuildFile; fileRef = BD8111782C1A1DD50054D10E /* Minorities.swift */; };
		BD81117B2C1A43450054D10E /* Fafsa.swift in Sources */ = {isa = PBXBuildFile; fileRef = BD81117A2C1A43450054D10E /* Fafsa.swift */; };
		BD81117D2C1A43590054D10E /* AboutUs.swift in Sources */ = {isa = PBXBuildFile; fileRef = BD81117C2C1A43590054D10E /* AboutUs.swift */; };
		BD81117F2C1B36280054D10E /* LogIn.swift in Sources */ = {isa = PBXBuildFile; fileRef = BD81117E2C1B36280054D10E /* LogIn.swift */; };
		BD8111812C1B36920054D10E /* SignUp.swift in Sources */ = {isa = PBXBuildFile; fileRef = BD8111802C1B36920054D10E /* SignUp.swift */; };
		BDE336E52C18CB0800532329 /* CatPage.swift in Sources */ = {isa = PBXBuildFile; fileRef = BDE336E42C18CB0800532329 /* CatPage.swift */; };
		BDE336E92C18CC4B00532329 /* All.swift in Sources */ = {isa = PBXBuildFile; fileRef = BDE336E82C18CC4B00532329 /* All.swift */; };
		BDE336ED2C18CC6C00532329 /* Quiz.swift in Sources */ = {isa = PBXBuildFile; fileRef = BDE336EC2C18CC6C00532329 /* Quiz.swift */; };
		BDE981B02C1B563A00062C00 /* HomePage.swift in Sources */ = {isa = PBXBuildFile; fileRef = BDE981AF2C1B563A00062C00 /* HomePage.swift */; };
		BDFCBEC82C189AD500ADAE78 /* GoScholarApp.swift in Sources */ = {isa = PBXBuildFile; fileRef = BDFCBEC72C189AD500ADAE78 /* GoScholarApp.swift */; };
		BDFCBECA2C189AD500ADAE78 /* ContentView.swift in Sources */ = {isa = PBXBuildFile; fileRef = BDFCBEC92C189AD500ADAE78 /* ContentView.swift */; };
		BDFCBECC2C189AD600ADAE78 /* Assets.xcassets in Resources */ = {isa = PBXBuildFile; fileRef = BDFCBECB2C189AD600ADAE78 /* Assets.xcassets */; };
		BDFCBECF2C189AD600ADAE78 /* Preview Assets.xcassets in Resources */ = {isa = PBXBuildFile; fileRef = BDFCBECE2C189AD600ADAE78 /* Preview Assets.xcassets */; };
/* End PBXBuildFile section */

/* Begin PBXFileReference section */
		BD8111742C1A1D810054D10E /* EasyToApply.swift */ = {isa = PBXFileReference; lastKnownFileType = sourcecode.swift; path = EasyToApply.swift; sourceTree = "<group>"; };
		BD8111762C1A1DCA0054D10E /* BigBank.swift */ = {isa = PBXFileReference; lastKnownFileType = sourcecode.swift; path = BigBank.swift; sourceTree = "<group>"; };
		BD8111782C1A1DD50054D10E /* Minorities.swift */ = {isa = PBXFileReference; lastKnownFileType = sourcecode.swift; path = Minorities.swift; sourceTree = "<group>"; };
		BD81117A2C1A43450054D10E /* Fafsa.swift */ = {isa = PBXFileReference; lastKnownFileType = sourcecode.swift; path = Fafsa.swift; sourceTree = "<group>"; };
		BD81117C2C1A43590054D10E /* AboutUs.swift */ = {isa = PBXFileReference; lastKnownFileType = sourcecode.swift; path = AboutUs.swift; sourceTree = "<group>"; };
		BD81117E2C1B36280054D10E /* LogIn.swift */ = {isa = PBXFileReference; lastKnownFileType = sourcecode.swift; path = LogIn.swift; sourceTree = "<group>"; };
		BD8111802C1B36920054D10E /* SignUp.swift */ = {isa = PBXFileReference; lastKnownFileType = sourcecode.swift; path = SignUp.swift; sourceTree = "<group>"; };
		BDE336E42C18CB0800532329 /* CatPage.swift */ = {isa = PBXFileReference; lastKnownFileType = sourcecode.swift; path = CatPage.swift; sourceTree = "<group>"; };
		BDE336E82C18CC4B00532329 /* All.swift */ = {isa = PBXFileReference; lastKnownFileType = sourcecode.swift; path = All.swift; sourceTree = "<group>"; };
		BDE336EC2C18CC6C00532329 /* Quiz.swift */ = {isa = PBXFileReference; lastKnownFileType = sourcecode.swift; path = Quiz.swift; sourceTree = "<group>"; };
		BDE981AF2C1B563A00062C00 /* HomePage.swift */ = {isa = PBXFileReference; lastKnownFileType = sourcecode.swift; path = HomePage.swift; sourceTree = "<group>"; };
		BDFCBEC42C189AD500ADAE78 /* GoScholar.app */ = {isa = PBXFileReference; explicitFileType = wrapper.application; includeInIndex = 0; path = GoScholar.app; sourceTree = BUILT_PRODUCTS_DIR; };
		BDFCBEC72C189AD500ADAE78 /* GoScholarApp.swift */ = {isa = PBXFileReference; lastKnownFileType = sourcecode.swift; path = GoScholarApp.swift; sourceTree = "<group>"; };
		BDFCBEC92C189AD500ADAE78 /* ContentView.swift */ = {isa = PBXFileReference; lastKnownFileType = sourcecode.swift; path = ContentView.swift; sourceTree = "<group>"; };
		BDFCBECB2C189AD600ADAE78 /* Assets.xcassets */ = {isa = PBXFileReference; lastKnownFileType = folder.assetcatalog; path = Assets.xcassets; sourceTree = "<group>"; };
		BDFCBECE2C189AD600ADAE78 /* Preview Assets.xcassets */ = {isa = PBXFileReference; lastKnownFileType = folder.assetcatalog; path = "Preview Assets.xcassets"; sourceTree = "<group>"; };
/* End PBXFileReference section */

/* Begin PBXFrameworksBuildPhase section */
		BDFCBEC12C189AD500ADAE78 /* Frameworks */ = {
			isa = PBXFrameworksBuildPhase;
			buildActionMask = 2147483647;
			files = (
			);
			runOnlyForDeploymentPostprocessing = 0;
		};
/* End PBXFrameworksBuildPhase section */

/* Begin PBXGroup section */
		BD8111732C1A1D590054D10E /* New Group */ = {
			isa = PBXGroup;
			children = (
				BDE336E42C18CB0800532329 /* CatPage.swift */,
				BD8111762C1A1DCA0054D10E /* BigBank.swift */,
				BD8111782C1A1DD50054D10E /* Minorities.swift */,
				BD8111742C1A1D810054D10E /* EasyToApply.swift */,
			);
			path = "New Group";
			sourceTree = "<group>";
		};
		BDFCBEBB2C189AD500ADAE78 = {
			isa = PBXGroup;
			children = (
				BDE981AF2C1B563A00062C00 /* HomePage.swift */,
				BD8111802C1B36920054D10E /* SignUp.swift */,
				BD81117E2C1B36280054D10E /* LogIn.swift */,
				BDE336E82C18CC4B00532329 /* All.swift */,
				BDE336EC2C18CC6C00532329 /* Quiz.swift */,
				BD81117A2C1A43450054D10E /* Fafsa.swift */,
				BD81117C2C1A43590054D10E /* AboutUs.swift */,
				BD8111732C1A1D590054D10E /* New Group */,
				BDFCBEC62C189AD500ADAE78 /* GoScholar */,
				BDFCBEC52C189AD500ADAE78 /* Products */,
			);
			sourceTree = "<group>";
		};
		BDFCBEC52C189AD500ADAE78 /* Products */ = {
			isa = PBXGroup;
			children = (
				BDFCBEC42C189AD500ADAE78 /* GoScholar.app */,
			);
			name = Products;
			sourceTree = "<group>";
		};
		BDFCBEC62C189AD500ADAE78 /* GoScholar */ = {
			isa = PBXGroup;
			children = (
				BDFCBEC72C189AD500ADAE78 /* GoScholarApp.swift */,
				BDFCBEC92C189AD500ADAE78 /* ContentView.swift */,
				BDFCBECB2C189AD600ADAE78 /* Assets.xcassets */,
				BDFCBECD2C189AD600ADAE78 /* Preview Content */,
			);
			path = GoScholar;
			sourceTree = "<group>";
		};
		BDFCBECD2C189AD600ADAE78 /* Preview Content */ = {
			isa = PBXGroup;
			children = (
				BDFCBECE2C189AD600ADAE78 /* Preview Assets.xcassets */,
			);
			path = "Preview Content";
			sourceTree = "<group>";
		};
/* End PBXGroup section */

/* Begin PBXNativeTarget section */
		BDFCBEC32C189AD500ADAE78 /* GoScholar */ = {
			isa = PBXNativeTarget;
			buildConfigurationList = BDFCBED22C189AD600ADAE78 /* Build configuration list for PBXNativeTarget "GoScholar" */;
			buildPhases = (
				BDFCBEC02C189AD500ADAE78 /* Sources */,
				BDFCBEC12C189AD500ADAE78 /* Frameworks */,
				BDFCBEC22C189AD500ADAE78 /* Resources */,
			);
			buildRules = (
			);
			dependencies = (
			);
			name = GoScholar;
			productName = GoScholar;
			productReference = BDFCBEC42C189AD500ADAE78 /* GoScholar.app */;
			productType = "com.apple.product-type.application";
		};
/* End PBXNativeTarget section */

/* Begin PBXProject section */
		BDFCBEBC2C189AD500ADAE78 /* Project object */ = {
			isa = PBXProject;
			attributes = {
				BuildIndependentTargetsInParallel = 1;
				LastSwiftUpdateCheck = 1540;
				LastUpgradeCheck = 1540;
				TargetAttributes = {
					BDFCBEC32C189AD500ADAE78 = {
						CreatedOnToolsVersion = 15.4;
					};
				};
			};
			buildConfigurationList = BDFCBEBF2C189AD500ADAE78 /* Build configuration list for PBXProject "GoScholar" */;
			compatibilityVersion = "Xcode 14.0";
			developmentRegion = en;
			hasScannedForEncodings = 0;
			knownRegions = (
				en,
				Base,
			);
			mainGroup = BDFCBEBB2C189AD500ADAE78;
			productRefGroup = BDFCBEC52C189AD500ADAE78 /* Products */;
			projectDirPath = "";
			projectRoot = "";
			targets = (
				BDFCBEC32C189AD500ADAE78 /* GoScholar */,
			);
		};
/* End PBXProject section */

/* Begin PBXResourcesBuildPhase section */
		BDFCBEC22C189AD500ADAE78 /* Resources */ = {
			isa = PBXResourcesBuildPhase;
			buildActionMask = 2147483647;
			files = (
				BDFCBECF2C189AD600ADAE78 /* Preview Assets.xcassets in Resources */,
				BDFCBECC2C189AD600ADAE78 /* Assets.xcassets in Resources */,
			);
			runOnlyForDeploymentPostprocessing = 0;
		};
/* End PBXResourcesBuildPhase section */

/* Begin PBXSourcesBuildPhase section */
		BDFCBEC02C189AD500ADAE78 /* Sources */ = {
			isa = PBXSourcesBuildPhase;
			buildActionMask = 2147483647;
			files = (
				BDFCBECA2C189AD500ADAE78 /* ContentView.swift in Sources */,
				BDE336ED2C18CC6C00532329 /* Quiz.swift in Sources */,
				BD81117D2C1A43590054D10E /* AboutUs.swift in Sources */,
				BD8111792C1A1DD50054D10E /* Minorities.swift in Sources */,
				BDE981B02C1B563A00062C00 /* HomePage.swift in Sources */,
				BDFCBEC82C189AD500ADAE78 /* GoScholarApp.swift in Sources */,
				BD81117B2C1A43450054D10E /* Fafsa.swift in Sources */,
				BD81117F2C1B36280054D10E /* LogIn.swift in Sources */,
				BD8111752C1A1D810054D10E /* EasyToApply.swift in Sources */,
				BDE336E92C18CC4B00532329 /* All.swift in Sources */,
				BD8111772C1A1DCA0054D10E /* BigBank.swift in Sources */,
				BD8111812C1B36920054D10E /* SignUp.swift in Sources */,
				BDE336E52C18CB0800532329 /* CatPage.swift in Sources */,
			);
			runOnlyForDeploymentPostprocessing = 0;
		};
/* End PBXSourcesBuildPhase section */

/* Begin XCBuildConfiguration section */
		BDFCBED02C189AD600ADAE78 /* Debug */ = {
			isa = XCBuildConfiguration;
			buildSettings = {
				ALWAYS_SEARCH_USER_PATHS = NO;
				ASSETCATALOG_COMPILER_GENERATE_SWIFT_ASSET_SYMBOL_EXTENSIONS = YES;
				CLANG_ANALYZER_NONNULL = YES;
				CLANG_ANALYZER_NUMBER_OBJECT_CONVERSION = YES_AGGRESSIVE;
				CLANG_CXX_LANGUAGE_STANDARD = "gnu++20";
				CLANG_ENABLE_MODULES = YES;
				CLANG_ENABLE_OBJC_ARC = YES;
				CLANG_ENABLE_OBJC_WEAK = YES;
				CLANG_WARN_BLOCK_CAPTURE_AUTORELEASING = YES;
				CLANG_WARN_BOOL_CONVERSION = YES;
				CLANG_WARN_COMMA = YES;
				CLANG_WARN_CONSTANT_CONVERSION = YES;
				CLANG_WARN_DEPRECATED_OBJC_IMPLEMENTATIONS = YES;
				CLANG_WARN_DIRECT_OBJC_ISA_USAGE = YES_ERROR;
				CLANG_WARN_DOCUMENTATION_COMMENTS = YES;
				CLANG_WARN_EMPTY_BODY = YES;
				CLANG_WARN_ENUM_CONVERSION = YES;
				CLANG_WARN_INFINITE_RECURSION = YES;
				CLANG_WARN_INT_CONVERSION = YES;
				CLANG_WARN_NON_LITERAL_NULL_CONVERSION = YES;
				CLANG_WARN_OBJC_IMPLICIT_RETAIN_SELF = YES;
				CLANG_WARN_OBJC_LITERAL_CONVERSION = YES;
				CLANG_WARN_OBJC_ROOT_CLASS = YES_ERROR;
				CLANG_WARN_QUOTED_INCLUDE_IN_FRAMEWORK_HEADER = YES;
				CLANG_WARN_RANGE_LOOP_ANALYSIS = YES;
				CLANG_WARN_STRICT_PROTOTYPES = YES;
				CLANG_WARN_SUSPICIOUS_MOVE = YES;
				CLANG_WARN_UNGUARDED_AVAILABILITY = YES_AGGRESSIVE;
				CLANG_WARN_UNREACHABLE_CODE = YES;
				CLANG_WARN__DUPLICATE_METHOD_MATCH = YES;
				COPY_PHASE_STRIP = NO;
				DEBUG_INFORMATION_FORMAT = dwarf;
				ENABLE_STRICT_OBJC_MSGSEND = YES;
				ENABLE_TESTABILITY = YES;
				ENABLE_USER_SCRIPT_SANDBOXING = YES;
				GCC_C_LANGUAGE_STANDARD = gnu17;
				GCC_DYNAMIC_NO_PIC = NO;
				GCC_NO_COMMON_BLOCKS = YES;
				GCC_OPTIMIZATION_LEVEL = 0;
				GCC_PREPROCESSOR_DEFINITIONS = (
					"DEBUG=1",
					"$(inherited)",
				);
				GCC_WARN_64_TO_32_BIT_CONVERSION = YES;
				GCC_WARN_ABOUT_RETURN_TYPE = YES_ERROR;
				GCC_WARN_UNDECLARED_SELECTOR = YES;
				GCC_WARN_UNINITIALIZED_AUTOS = YES_AGGRESSIVE;
				GCC_WARN_UNUSED_FUNCTION = YES;
				GCC_WARN_UNUSED_VARIABLE = YES;
				IPHONEOS_DEPLOYMENT_TARGET = 17.5;
				LOCALIZATION_PREFERS_STRING_CATALOGS = YES;
				MTL_ENABLE_DEBUG_INFO = INCLUDE_SOURCE;
				MTL_FAST_MATH = YES;
				ONLY_ACTIVE_ARCH = YES;
				SDKROOT = iphoneos;
				SWIFT_ACTIVE_COMPILATION_CONDITIONS = "DEBUG $(inherited)";
				SWIFT_OPTIMIZATION_LEVEL = "-Onone";
			};
			name = Debug;
		};
		BDFCBED12C189AD600ADAE78 /* Release */ = {
			isa = XCBuildConfiguration;
			buildSettings = {
				ALWAYS_SEARCH_USER_PATHS = NO;
				ASSETCATALOG_COMPILER_GENERATE_SWIFT_ASSET_SYMBOL_EXTENSIONS = YES;
				CLANG_ANALYZER_NONNULL = YES;
				CLANG_ANALYZER_NUMBER_OBJECT_CONVERSION = YES_AGGRESSIVE;
				CLANG_CXX_LANGUAGE_STANDARD = "gnu++20";
				CLANG_ENABLE_MODULES = YES;
				CLANG_ENABLE_OBJC_ARC = YES;
				CLANG_ENABLE_OBJC_WEAK = YES;
				CLANG_WARN_BLOCK_CAPTURE_AUTORELEASING = YES;
				CLANG_WARN_BOOL_CONVERSION = YES;
				CLANG_WARN_COMMA = YES;
				CLANG_WARN_CONSTANT_CONVERSION = YES;
				CLANG_WARN_DEPRECATED_OBJC_IMPLEMENTATIONS = YES;
				CLANG_WARN_DIRECT_OBJC_ISA_USAGE = YES_ERROR;
				CLANG_WARN_DOCUMENTATION_COMMENTS = YES;
				CLANG_WARN_EMPTY_BODY = YES;
				CLANG_WARN_ENUM_CONVERSION = YES;
				CLANG_WARN_INFINITE_RECURSION = YES;
				CLANG_WARN_INT_CONVERSION = YES;
				CLANG_WARN_NON_LITERAL_NULL_CONVERSION = YES;
				CLANG_WARN_OBJC_IMPLICIT_RETAIN_SELF = YES;
				CLANG_WARN_OBJC_LITERAL_CONVERSION = YES;
				CLANG_WARN_OBJC_ROOT_CLASS = YES_ERROR;
				CLANG_WARN_QUOTED_INCLUDE_IN_FRAMEWORK_HEADER = YES;
				CLANG_WARN_RANGE_LOOP_ANALYSIS = YES;
				CLANG_WARN_STRICT_PROTOTYPES = YES;
				CLANG_WARN_SUSPICIOUS_MOVE = YES;
				CLANG_WARN_UNGUARDED_AVAILABILITY = YES_AGGRESSIVE;
				CLANG_WARN_UNREACHABLE_CODE = YES;
				CLANG_WARN__DUPLICATE_METHOD_MATCH = YES;
				COPY_PHASE_STRIP = NO;
				DEBUG_INFORMATION_FORMAT = "dwarf-with-dsym";
				ENABLE_NS_ASSERTIONS = NO;
				ENABLE_STRICT_OBJC_MSGSEND = YES;
				ENABLE_USER_SCRIPT_SANDBOXING = YES;
				GCC_C_LANGUAGE_STANDARD = gnu17;
				GCC_NO_COMMON_BLOCKS = YES;
				GCC_WARN_64_TO_32_BIT_CONVERSION = YES;
				GCC_WARN_ABOUT_RETURN_TYPE = YES_ERROR;
				GCC_WARN_UNDECLARED_SELECTOR = YES;
				GCC_WARN_UNINITIALIZED_AUTOS = YES_AGGRESSIVE;
				GCC_WARN_UNUSED_FUNCTION = YES;
				GCC_WARN_UNUSED_VARIABLE = YES;
				IPHONEOS_DEPLOYMENT_TARGET = 17.5;
				LOCALIZATION_PREFERS_STRING_CATALOGS = YES;
				MTL_ENABLE_DEBUG_INFO = NO;
				MTL_FAST_MATH = YES;
				SDKROOT = iphoneos;
				SWIFT_COMPILATION_MODE = wholemodule;
				VALIDATE_PRODUCT = YES;
			};
			name = Release;
		};
		BDFCBED32C189AD600ADAE78 /* Debug */ = {
			isa = XCBuildConfiguration;
			buildSettings = {
				ASSETCATALOG_COMPILER_APPICON_NAME = AppIcon;
				ASSETCATALOG_COMPILER_GLOBAL_ACCENT_COLOR_NAME = AccentColor;
				CODE_SIGN_STYLE = Automatic;
				CURRENT_PROJECT_VERSION = 1;
				DEVELOPMENT_ASSET_PATHS = "\"GoScholar/Preview Content\"";
				ENABLE_PREVIEWS = YES;
				GENERATE_INFOPLIST_FILE = YES;
				INFOPLIST_KEY_UIApplicationSceneManifest_Generation = YES;
				INFOPLIST_KEY_UIApplicationSupportsIndirectInputEvents = YES;
				INFOPLIST_KEY_UILaunchScreen_Generation = YES;
				INFOPLIST_KEY_UISupportedInterfaceOrientations_iPad = "UIInterfaceOrientationPortrait UIInterfaceOrientationPortraitUpsideDown UIInterfaceOrientationLandscapeLeft UIInterfaceOrientationLandscapeRight";
				INFOPLIST_KEY_UISupportedInterfaceOrientations_iPhone = "UIInterfaceOrientationPortrait UIInterfaceOrientationLandscapeLeft UIInterfaceOrientationLandscapeRight";
				LD_RUNPATH_SEARCH_PATHS = (
					"$(inherited)",
					"@executable_path/Frameworks",
				);
				MARKETING_VERSION = 1.0;
				PRODUCT_BUNDLE_IDENTIFIER = kwk.GoScholar;
				PRODUCT_NAME = "$(TARGET_NAME)";
				SWIFT_EMIT_LOC_STRINGS = YES;
				SWIFT_VERSION = 5.0;
				TARGETED_DEVICE_FAMILY = "1,2";
			};
			name = Debug;
		};
		BDFCBED42C189AD600ADAE78 /* Release */ = {
			isa = XCBuildConfiguration;
			buildSettings = {
				ASSETCATALOG_COMPILER_APPICON_NAME = AppIcon;
				ASSETCATALOG_COMPILER_GLOBAL_ACCENT_COLOR_NAME = AccentColor;
				CODE_SIGN_STYLE = Automatic;
				CURRENT_PROJECT_VERSION = 1;
				DEVELOPMENT_ASSET_PATHS = "\"GoScholar/Preview Content\"";
				ENABLE_PREVIEWS = YES;
				GENERATE_INFOPLIST_FILE = YES;
				INFOPLIST_KEY_UIApplicationSceneManifest_Generation = YES;
				INFOPLIST_KEY_UIApplicationSupportsIndirectInputEvents = YES;
				INFOPLIST_KEY_UILaunchScreen_Generation = YES;
				INFOPLIST_KEY_UISupportedInterfaceOrientations_iPad = "UIInterfaceOrientationPortrait UIInterfaceOrientationPortraitUpsideDown UIInterfaceOrientationLandscapeLeft UIInterfaceOrientationLandscapeRight";
				INFOPLIST_KEY_UISupportedInterfaceOrientations_iPhone = "UIInterfaceOrientationPortrait UIInterfaceOrientationLandscapeLeft UIInterfaceOrientationLandscapeRight";
				LD_RUNPATH_SEARCH_PATHS = (
					"$(inherited)",
					"@executable_path/Frameworks",
				);
				MARKETING_VERSION = 1.0;
				PRODUCT_BUNDLE_IDENTIFIER = kwk.GoScholar;
				PRODUCT_NAME = "$(TARGET_NAME)";
				SWIFT_EMIT_LOC_STRINGS = YES;
				SWIFT_VERSION = 5.0;
				TARGETED_DEVICE_FAMILY = "1,2";
			};
			name = Release;
		};
/* End XCBuildConfiguration section */

/* Begin XCConfigurationList section */
		BDFCBEBF2C189AD500ADAE78 /* Build configuration list for PBXProject "GoScholar" */ = {
			isa = XCConfigurationList;
			buildConfigurations = (
				BDFCBED02C189AD600ADAE78 /* Debug */,
				BDFCBED12C189AD600ADAE78 /* Release */,
			);
			defaultConfigurationIsVisible = 0;
			defaultConfigurationName = Release;
		};
		BDFCBED22C189AD600ADAE78 /* Build configuration list for PBXNativeTarget "GoScholar" */ = {
			isa = XCConfigurationList;
			buildConfigurations = (
				BDFCBED32C189AD600ADAE78 /* Debug */,
				BDFCBED42C189AD600ADAE78 /* Release */,
			);
			defaultConfigurationIsVisible = 0;
			defaultConfigurationName = Release;
		};
/* End XCConfigurationList section */
	};
	rootObject = BDFCBEBC2C189AD500ADAE78 /* Project object */;
}
